# THIS IS AN AUTOGENERATED FILE. DO NOT EDIT THIS FILE DIRECTLY.
# yarn lockfile v1


"@glidejs/glide@^3.3.0":
  version "3.3.0"
  resolved "https://registry.yarnpkg.com/@glidejs/glide/-/glide-3.3.0.tgz#5d0a0cddad863a66272a15826919c64c60351094"
  integrity sha512-8rs4yGHRlCOvubBM7RyB4sijzl0q5ST7Yvv9frSb8xIRWdztoY7lP/uMMc9GBEM0up5MvxIYWOXig1b5gT/j2A==
